// !$*UTF8*$!
{
	archiveVersion = 1;
	classes = {
	};
	objectVersion = 56;
	objects = {

/* Begin PBXBuildFile section */
		0971BB9429B63D11007A03CC /* FootballPlayersApp.swift in Sources */ = {isa = PBXBuildFile; fileRef = 0971BB9329B63D11007A03CC /* FootballPlayersApp.swift */; };
		0971BB9629B63D11007A03CC /* PlayersListView.swift in Sources */ = {isa = PBXBuildFile; fileRef = 0971BB9529B63D11007A03CC /* PlayersListView.swift */; };
		0971BB9829B63D12007A03CC /* Assets.xcassets in Resources */ = {isa = PBXBuildFile; fileRef = 0971BB9729B63D12007A03CC /* Assets.xcassets */; };
		0971BB9B29B63D12007A03CC /* Preview Assets.xcassets in Resources */ = {isa = PBXBuildFile; fileRef = 0971BB9A29B63D12007A03CC /* Preview Assets.xcassets */; };
		0971BBAC29B63DB0007A03CC /* RemoteDataRepositoryTests.swift in Sources */ = {isa = PBXBuildFile; fileRef = 0971BBAB29B63DB0007A03CC /* RemoteDataRepositoryTests.swift */; };
		0971BBB429B63E11007A03CC /* FootballPlayer.swift in Sources */ = {isa = PBXBuildFile; fileRef = 0971BBB329B63E11007A03CC /* FootballPlayer.swift */; };
		0971BBB629B63E1E007A03CC /* FootballPlayerResponse.swift in Sources */ = {isa = PBXBuildFile; fileRef = 0971BBB529B63E1E007A03CC /* FootballPlayerResponse.swift */; };
		0971BBB929B63E45007A03CC /* PlayersDataService.swift in Sources */ = {isa = PBXBuildFile; fileRef = 0971BBB829B63E45007A03CC /* PlayersDataService.swift */; };
		0971BBBB29B63E55007A03CC /* NetworkClient.swift in Sources */ = {isa = PBXBuildFile; fileRef = 0971BBBA29B63E55007A03CC /* NetworkClient.swift */; };
		0971BBBF29B63E7A007A03CC /* RemoteDataRepository.swift in Sources */ = {isa = PBXBuildFile; fileRef = 0971BBBE29B63E7A007A03CC /* RemoteDataRepository.swift */; };
		0971BBC129B63E85007A03CC /* Mapper.swift in Sources */ = {isa = PBXBuildFile; fileRef = 0971BBC029B63E85007A03CC /* Mapper.swift */; };
		0971BBC329B65704007A03CC /* MockNetworkClient.swift in Sources */ = {isa = PBXBuildFile; fileRef = 0971BBC229B65704007A03CC /* MockNetworkClient.swift */; };
		0971BBC529B65913007A03CC /* PlayersListViewModel.swift in Sources */ = {isa = PBXBuildFile; fileRef = 0971BBC429B65913007A03CC /* PlayersListViewModel.swift */; };
		09AAA1B629B71D75002E76A0 /* ViewModelFactory.swift in Sources */ = {isa = PBXBuildFile; fileRef = 09AAA1B529B71D75002E76A0 /* ViewModelFactory.swift */; };
		09AAA1BA29B72B0F002E76A0 /* PlayerDetailView.swift in Sources */ = {isa = PBXBuildFile; fileRef = 09AAA1B929B72B0F002E76A0 /* PlayerDetailView.swift */; };
		09AAA1BC29B73C3D002E76A0 /* PlayerDetailViewModel.swift in Sources */ = {isa = PBXBuildFile; fileRef = 09AAA1BB29B73C3D002E76A0 /* PlayerDetailViewModel.swift */; };
/* End PBXBuildFile section */

/* Begin PBXContainerItemProxy section */
		0971BBAD29B63DB0007A03CC /* PBXContainerItemProxy */ = {
			isa = PBXContainerItemProxy;
			containerPortal = 0971BB8829B63D11007A03CC /* Project object */;
			proxyType = 1;
			remoteGlobalIDString = 0971BB8F29B63D11007A03CC;
			remoteInfo = FootballPlayers;
		};
/* End PBXContainerItemProxy section */

/* Begin PBXFileReference section */
		0971BB9029B63D11007A03CC /* FootballPlayers.app */ = {isa = PBXFileReference; explicitFileType = wrapper.application; includeInIndex = 0; path = FootballPlayers.app; sourceTree = BUILT_PRODUCTS_DIR; };
		0971BB9329B63D11007A03CC /* FootballPlayersApp.swift */ = {isa = PBXFileReference; lastKnownFileType = sourcecode.swift; path = FootballPlayersApp.swift; sourceTree = "<group>"; };
		0971BB9529B63D11007A03CC /* PlayersListView.swift */ = {isa = PBXFileReference; lastKnownFileType = sourcecode.swift; path = PlayersListView.swift; sourceTree = "<group>"; };
		0971BB9729B63D12007A03CC /* Assets.xcassets */ = {isa = PBXFileReference; lastKnownFileType = folder.assetcatalog; path = Assets.xcassets; sourceTree = "<group>"; };
		0971BB9A29B63D12007A03CC /* Preview Assets.xcassets */ = {isa = PBXFileReference; lastKnownFileType = folder.assetcatalog; path = "Preview Assets.xcassets"; sourceTree = "<group>"; };
		0971BBA929B63DB0007A03CC /* FootballPlayersTests.xctest */ = {isa = PBXFileReference; explicitFileType = wrapper.cfbundle; includeInIndex = 0; path = FootballPlayersTests.xctest; sourceTree = BUILT_PRODUCTS_DIR; };
		0971BBAB29B63DB0007A03CC /* RemoteDataRepositoryTests.swift */ = {isa = PBXFileReference; lastKnownFileType = sourcecode.swift; path = RemoteDataRepositoryTests.swift; sourceTree = "<group>"; };
		0971BBB329B63E11007A03CC /* FootballPlayer.swift */ = {isa = PBXFileReference; lastKnownFileType = sourcecode.swift; path = FootballPlayer.swift; sourceTree = "<group>"; };
		0971BBB529B63E1E007A03CC /* FootballPlayerResponse.swift */ = {isa = PBXFileReference; lastKnownFileType = sourcecode.swift; path = FootballPlayerResponse.swift; sourceTree = "<group>"; };
		0971BBB829B63E45007A03CC /* PlayersDataService.swift */ = {isa = PBXFileReference; lastKnownFileType = sourcecode.swift; path = PlayersDataService.swift; sourceTree = "<group>"; };
		0971BBBA29B63E55007A03CC /* NetworkClient.swift */ = {isa = PBXFileReference; lastKnownFileType = sourcecode.swift; path = NetworkClient.swift; sourceTree = "<group>"; };
		0971BBBE29B63E7A007A03CC /* RemoteDataRepository.swift */ = {isa = PBXFileReference; lastKnownFileType = sourcecode.swift; path = RemoteDataRepository.swift; sourceTree = "<group>"; };
		0971BBC029B63E85007A03CC /* Mapper.swift */ = {isa = PBXFileReference; lastKnownFileType = sourcecode.swift; path = Mapper.swift; sourceTree = "<group>"; };
		0971BBC229B65704007A03CC /* MockNetworkClient.swift */ = {isa = PBXFileReference; lastKnownFileType = sourcecode.swift; path = MockNetworkClient.swift; sourceTree = "<group>"; };
		0971BBC429B65913007A03CC /* PlayersListViewModel.swift */ = {isa = PBXFileReference; lastKnownFileType = sourcecode.swift; path = PlayersListViewModel.swift; sourceTree = "<group>"; };
		09AAA1B529B71D75002E76A0 /* ViewModelFactory.swift */ = {isa = PBXFileReference; lastKnownFileType = sourcecode.swift; path = ViewModelFactory.swift; sourceTree = "<group>"; };
		09AAA1B929B72B0F002E76A0 /* PlayerDetailView.swift */ = {isa = PBXFileReference; lastKnownFileType = sourcecode.swift; path = PlayerDetailView.swift; sourceTree = "<group>"; };
		09AAA1BB29B73C3D002E76A0 /* PlayerDetailViewModel.swift */ = {isa = PBXFileReference; lastKnownFileType = sourcecode.swift; path = PlayerDetailViewModel.swift; sourceTree = "<group>"; };
/* End PBXFileReference section */

/* Begin PBXFrameworksBuildPhase section */
		0971BB8D29B63D11007A03CC /* Frameworks */ = {
			isa = PBXFrameworksBuildPhase;
			buildActionMask = 2147483647;
			files = (
			);
			runOnlyForDeploymentPostprocessing = 0;
		};
		0971BBA629B63DB0007A03CC /* Frameworks */ = {
			isa = PBXFrameworksBuildPhase;
			buildActionMask = 2147483647;
			files = (
			);
			runOnlyForDeploymentPostprocessing = 0;
		};
/* End PBXFrameworksBuildPhase section */

/* Begin PBXGroup section */
		0971BB8729B63D11007A03CC = {
			isa = PBXGroup;
			children = (
				0971BB9229B63D11007A03CC /* FootballPlayers */,
				0971BBAA29B63DB0007A03CC /* FootballPlayersTests */,
				0971BB9129B63D11007A03CC /* Products */,
			);
			sourceTree = "<group>";
		};
		0971BB9129B63D11007A03CC /* Products */ = {
			isa = PBXGroup;
			children = (
				0971BB9029B63D11007A03CC /* FootballPlayers.app */,
				0971BBA929B63DB0007A03CC /* FootballPlayersTests.xctest */,
			);
			name = Products;
			sourceTree = "<group>";
		};
		0971BB9229B63D11007A03CC /* FootballPlayers */ = {
			isa = PBXGroup;
			children = (
				0971BBB229B63DF7007A03CC /* Logic */,
				0971BB9329B63D11007A03CC /* FootballPlayersApp.swift */,
				0971BB9529B63D11007A03CC /* PlayersListView.swift */,
				09AAA1B929B72B0F002E76A0 /* PlayerDetailView.swift */,
				0971BB9729B63D12007A03CC /* Assets.xcassets */,
				0971BB9929B63D12007A03CC /* Preview Content */,
			);
			path = FootballPlayers;
			sourceTree = "<group>";
		};
		0971BB9929B63D12007A03CC /* Preview Content */ = {
			isa = PBXGroup;
			children = (
				0971BB9A29B63D12007A03CC /* Preview Assets.xcassets */,
			);
			path = "Preview Content";
			sourceTree = "<group>";
		};
		0971BBAA29B63DB0007A03CC /* FootballPlayersTests */ = {
			isa = PBXGroup;
			children = (
				0971BBAB29B63DB0007A03CC /* RemoteDataRepositoryTests.swift */,
			);
			path = FootballPlayersTests;
			sourceTree = "<group>";
		};
		0971BBB229B63DF7007A03CC /* Logic */ = {
			isa = PBXGroup;
			children = (
				0971BBBD29B63E6C007A03CC /* Data */,
				0971BBB729B63E2B007A03CC /* Models */,
				0971BBBC29B63E5D007A03CC /* Protocols */,
				09AAA1B729B71E1E002E76A0 /* Network */,
				09AAA1B829B71E29002E76A0 /* ViewModel */,
			);
			path = Logic;
			sourceTree = "<group>";
		};
		0971BBB729B63E2B007A03CC /* Models */ = {
			isa = PBXGroup;
			children = (
				0971BBB329B63E11007A03CC /* FootballPlayer.swift */,
				0971BBB529B63E1E007A03CC /* FootballPlayerResponse.swift */,
			);
			path = Models;
			sourceTree = "<group>";
		};
		0971BBBC29B63E5D007A03CC /* Protocols */ = {
			isa = PBXGroup;
			children = (
				0971BBB829B63E45007A03CC /* PlayersDataService.swift */,
				0971BBBA29B63E55007A03CC /* NetworkClient.swift */,
			);
			path = Protocols;
			sourceTree = "<group>";
		};
		0971BBBD29B63E6C007A03CC /* Data */ = {
			isa = PBXGroup;
			children = (
				0971BBBE29B63E7A007A03CC /* RemoteDataRepository.swift */,
				0971BBC029B63E85007A03CC /* Mapper.swift */,
			);
			path = Data;
			sourceTree = "<group>";
		};
		09AAA1B729B71E1E002E76A0 /* Network */ = {
			isa = PBXGroup;
			children = (
				0971BBC229B65704007A03CC /* MockNetworkClient.swift */,
			);
			path = Network;
			sourceTree = "<group>";
		};
		09AAA1B829B71E29002E76A0 /* ViewModel */ = {
			isa = PBXGroup;
			children = (
				09AAA1B529B71D75002E76A0 /* ViewModelFactory.swift */,
				0971BBC429B65913007A03CC /* PlayersListViewModel.swift */,
				09AAA1BB29B73C3D002E76A0 /* PlayerDetailViewModel.swift */,
			);
			path = ViewModel;
			sourceTree = "<group>";
		};
/* End PBXGroup section */

/* Begin PBXNativeTarget section */
		0971BB8F29B63D11007A03CC /* FootballPlayers */ = {
			isa = PBXNativeTarget;
			buildConfigurationList = 0971BB9E29B63D12007A03CC /* Build configuration list for PBXNativeTarget "FootballPlayers" */;
			buildPhases = (
				0971BB8C29B63D11007A03CC /* Sources */,
				0971BB8D29B63D11007A03CC /* Frameworks */,
				0971BB8E29B63D11007A03CC /* Resources */,
			);
			buildRules = (
			);
			dependencies = (
			);
			name = FootballPlayers;
			productName = FootballPlayers;
			productReference = 0971BB9029B63D11007A03CC /* FootballPlayers.app */;
			productType = "com.apple.product-type.application";
		};
		0971BBA829B63DB0007A03CC /* FootballPlayersTests */ = {
			isa = PBXNativeTarget;
			buildConfigurationList = 0971BBAF29B63DB0007A03CC /* Build configuration list for PBXNativeTarget "FootballPlayersTests" */;
			buildPhases = (
				0971BBA529B63DB0007A03CC /* Sources */,
				0971BBA629B63DB0007A03CC /* Frameworks */,
				0971BBA729B63DB0007A03CC /* Resources */,
			);
			buildRules = (
			);
			dependencies = (
				0971BBAE29B63DB0007A03CC /* PBXTargetDependency */,
			);
			name = FootballPlayersTests;
			productName = FootballPlayersTests;
			productReference = 0971BBA929B63DB0007A03CC /* FootballPlayersTests.xctest */;
			productType = "com.apple.product-type.bundle.unit-test";
		};
/* End PBXNativeTarget section */

/* Begin PBXProject section */
		0971BB8829B63D11007A03CC /* Project object */ = {
			isa = PBXProject;
			attributes = {
				BuildIndependentTargetsInParallel = 1;
				LastSwiftUpdateCheck = 1420;
				LastUpgradeCheck = 1420;
				TargetAttributes = {
					0971BB8F29B63D11007A03CC = {
						CreatedOnToolsVersion = 14.2;
					};
					0971BBA829B63DB0007A03CC = {
						CreatedOnToolsVersion = 14.2;
						TestTargetID = 0971BB8F29B63D11007A03CC;
					};
				};
			};
			buildConfigurationList = 0971BB8B29B63D11007A03CC /* Build configuration list for PBXProject "FootballPlayers" */;
			compatibilityVersion = "Xcode 14.0";
			developmentRegion = en;
			hasScannedForEncodings = 0;
			knownRegions = (
				en,
				Base,
			);
			mainGroup = 0971BB8729B63D11007A03CC;
			productRefGroup = 0971BB9129B63D11007A03CC /* Products */;
			projectDirPath = "";
			projectRoot = "";
			targets = (
				0971BB8F29B63D11007A03CC /* FootballPlayers */,
				0971BBA829B63DB0007A03CC /* FootballPlayersTests */,
			);
		};
/* End PBXProject section */

/* Begin PBXResourcesBuildPhase section */
		0971BB8E29B63D11007A03CC /* Resources */ = {
			isa = PBXResourcesBuildPhase;
			buildActionMask = 2147483647;
			files = (
				0971BB9B29B63D12007A03CC /* Preview Assets.xcassets in Resources */,
				0971BB9829B63D12007A03CC /* Assets.xcassets in Resources */,
			);
			runOnlyForDeploymentPostprocessing = 0;
		};
		0971BBA729B63DB0007A03CC /* Resources */ = {
			isa = PBXResourcesBuildPhase;
			buildActionMask = 2147483647;
			files = (
			);
			runOnlyForDeploymentPostprocessing = 0;
		};
/* End PBXResourcesBuildPhase section */

/* Begin PBXSourcesBuildPhase section */
		0971BB8C29B63D11007A03CC /* Sources */ = {
			isa = PBXSourcesBuildPhase;
			buildActionMask = 2147483647;
			files = (
				0971BBC529B65913007A03CC /* PlayersListViewModel.swift in Sources */,
				0971BB9629B63D11007A03CC /* PlayersListView.swift in Sources */,
				0971BBB929B63E45007A03CC /* PlayersDataService.swift in Sources */,
				09AAA1BC29B73C3D002E76A0 /* PlayerDetailViewModel.swift in Sources */,
				0971BB9429B63D11007A03CC /* FootballPlayersApp.swift in Sources */,
				09AAA1BA29B72B0F002E76A0 /* PlayerDetailView.swift in Sources */,
				0971BBBF29B63E7A007A03CC /* RemoteDataRepository.swift in Sources */,
				0971BBC129B63E85007A03CC /* Mapper.swift in Sources */,
				0971BBB629B63E1E007A03CC /* FootballPlayerResponse.swift in Sources */,
				09AAA1B629B71D75002E76A0 /* ViewModelFactory.swift in Sources */,
				0971BBB429B63E11007A03CC /* FootballPlayer.swift in Sources */,
				0971BBC329B65704007A03CC /* MockNetworkClient.swift in Sources */,
				0971BBBB29B63E55007A03CC /* NetworkClient.swift in Sources */,
			);
			runOnlyForDeploymentPostprocessing = 0;
		};
		0971BBA529B63DB0007A03CC /* Sources */ = {
			isa = PBXSourcesBuildPhase;
			buildActionMask = 2147483647;
			files = (
				0971BBAC29B63DB0007A03CC /* RemoteDataRepositoryTests.swift in Sources */,
			);
			runOnlyForDeploymentPostprocessing = 0;
		};
/* End PBXSourcesBuildPhase section */

/* Begin PBXTargetDependency section */
		0971BBAE29B63DB0007A03CC /* PBXTargetDependency */ = {
			isa = PBXTargetDependency;
			target = 0971BB8F29B63D11007A03CC /* FootballPlayers */;
			targetProxy = 0971BBAD29B63DB0007A03CC /* PBXContainerItemProxy */;
		};
/* End PBXTargetDependency section */

/* Begin XCBuildConfiguration section */
		0971BB9C29B63D12007A03CC /* Debug */ = {
			isa = XCBuildConfiguration;
			buildSettings = {
				ALWAYS_SEARCH_USER_PATHS = NO;
				CLANG_ANALYZER_NONNULL = YES;
				CLANG_ANALYZER_NUMBER_OBJECT_CONVERSION = YES_AGGRESSIVE;
				CLANG_CXX_LANGUAGE_STANDARD = "gnu++20";
				CLANG_ENABLE_MODULES = YES;
				CLANG_ENABLE_OBJC_ARC = YES;
				CLANG_ENABLE_OBJC_WEAK = YES;
				CLANG_WARN_BLOCK_CAPTURE_AUTORELEASING = YES;
				CLANG_WARN_BOOL_CONVERSION = YES;
				CLANG_WARN_COMMA = YES;
				CLANG_WARN_CONSTANT_CONVERSION = YES;
				CLANG_WARN_DEPRECATED_OBJC_IMPLEMENTATIONS = YES;
				CLANG_WARN_DIRECT_OBJC_ISA_USAGE = YES_ERROR;
				CLANG_WARN_DOCUMENTATION_COMMENTS = YES;
				CLANG_WARN_EMPTY_BODY = YES;
				CLANG_WARN_ENUM_CONVERSION = YES;
				CLANG_WARN_INFINITE_RECURSION = YES;
				CLANG_WARN_INT_CONVERSION = YES;
				CLANG_WARN_NON_LITERAL_NULL_CONVERSION = YES;
				CLANG_WARN_OBJC_IMPLICIT_RETAIN_SELF = YES;
				CLANG_WARN_OBJC_LITERAL_CONVERSION = YES;
				CLANG_WARN_OBJC_ROOT_CLASS = YES_ERROR;
				CLANG_WARN_QUOTED_INCLUDE_IN_FRAMEWORK_HEADER = YES;
				CLANG_WARN_RANGE_LOOP_ANALYSIS = YES;
				CLANG_WARN_STRICT_PROTOTYPES = YES;
				CLANG_WARN_SUSPICIOUS_MOVE = YES;
				CLANG_WARN_UNGUARDED_AVAILABILITY = YES_AGGRESSIVE;
				CLANG_WARN_UNREACHABLE_CODE = YES;
				CLANG_WARN__DUPLICATE_METHOD_MATCH = YES;
				COPY_PHASE_STRIP = NO;
				DEBUG_INFORMATION_FORMAT = dwarf;
				ENABLE_STRICT_OBJC_MSGSEND = YES;
				ENABLE_TESTABILITY = YES;
				GCC_C_LANGUAGE_STANDARD = gnu11;
				GCC_DYNAMIC_NO_PIC = NO;
				GCC_NO_COMMON_BLOCKS = YES;
				GCC_OPTIMIZATION_LEVEL = 0;
				GCC_PREPROCESSOR_DEFINITIONS = (
					"DEBUG=1",
					"$(inherited)",
				);
				GCC_WARN_64_TO_32_BIT_CONVERSION = YES;
				GCC_WARN_ABOUT_RETURN_TYPE = YES_ERROR;
				GCC_WARN_UNDECLARED_SELECTOR = YES;
				GCC_WARN_UNINITIALIZED_AUTOS = YES_AGGRESSIVE;
				GCC_WARN_UNUSED_FUNCTION = YES;
				GCC_WARN_UNUSED_VARIABLE = YES;
				IPHONEOS_DEPLOYMENT_TARGET = 16.2;
				MTL_ENABLE_DEBUG_INFO = INCLUDE_SOURCE;
				MTL_FAST_MATH = YES;
				ONLY_ACTIVE_ARCH = YES;
				SDKROOT = iphoneos;
				SWIFT_ACTIVE_COMPILATION_CONDITIONS = DEBUG;
				SWIFT_OPTIMIZATION_LEVEL = "-Onone";
			};
			name = Debug;
		};
		0971BB9D29B63D12007A03CC /* Release */ = {
			isa = XCBuildConfiguration;
			buildSettings = {
				ALWAYS_SEARCH_USER_PATHS = NO;
				CLANG_ANALYZER_NONNULL = YES;
				CLANG_ANALYZER_NUMBER_OBJECT_CONVERSION = YES_AGGRESSIVE;
				CLANG_CXX_LANGUAGE_STANDARD = "gnu++20";
				CLANG_ENABLE_MODULES = YES;
				CLANG_ENABLE_OBJC_ARC = YES;
				CLANG_ENABLE_OBJC_WEAK = YES;
				CLANG_WARN_BLOCK_CAPTURE_AUTORELEASING = YES;
				CLANG_WARN_BOOL_CONVERSION = YES;
				CLANG_WARN_COMMA = YES;
				CLANG_WARN_CONSTANT_CONVERSION = YES;
				CLANG_WARN_DEPRECATED_OBJC_IMPLEMENTATIONS = YES;
				CLANG_WARN_DIRECT_OBJC_ISA_USAGE = YES_ERROR;
				CLANG_WARN_DOCUMENTATION_COMMENTS = YES;
				CLANG_WARN_EMPTY_BODY = YES;
				CLANG_WARN_ENUM_CONVERSION = YES;
				CLANG_WARN_INFINITE_RECURSION = YES;
				CLANG_WARN_INT_CONVERSION = YES;
				CLANG_WARN_NON_LITERAL_NULL_CONVERSION = YES;
				CLANG_WARN_OBJC_IMPLICIT_RETAIN_SELF = YES;
				CLANG_WARN_OBJC_LITERAL_CONVERSION = YES;
				CLANG_WARN_OBJC_ROOT_CLASS = YES_ERROR;
				CLANG_WARN_QUOTED_INCLUDE_IN_FRAMEWORK_HEADER = YES;
				CLANG_WARN_RANGE_LOOP_ANALYSIS = YES;
				CLANG_WARN_STRICT_PROTOTYPES = YES;
				CLANG_WARN_SUSPICIOUS_MOVE = YES;
				CLANG_WARN_UNGUARDED_AVAILABILITY = YES_AGGRESSIVE;
				CLANG_WARN_UNREACHABLE_CODE = YES;
				CLANG_WARN__DUPLICATE_METHOD_MATCH = YES;
				COPY_PHASE_STRIP = NO;
				DEBUG_INFORMATION_FORMAT = "dwarf-with-dsym";
				ENABLE_NS_ASSERTIONS = NO;
				ENABLE_STRICT_OBJC_MSGSEND = YES;
				GCC_C_LANGUAGE_STANDARD = gnu11;
				GCC_NO_COMMON_BLOCKS = YES;
				GCC_WARN_64_TO_32_BIT_CONVERSION = YES;
				GCC_WARN_ABOUT_RETURN_TYPE = YES_ERROR;
				GCC_WARN_UNDECLARED_SELECTOR = YES;
				GCC_WARN_UNINITIALIZED_AUTOS = YES_AGGRESSIVE;
				GCC_WARN_UNUSED_FUNCTION = YES;
				GCC_WARN_UNUSED_VARIABLE = YES;
				IPHONEOS_DEPLOYMENT_TARGET = 16.2;
				MTL_ENABLE_DEBUG_INFO = NO;
				MTL_FAST_MATH = YES;
				SDKROOT = iphoneos;
				SWIFT_COMPILATION_MODE = wholemodule;
				SWIFT_OPTIMIZATION_LEVEL = "-O";
				VALIDATE_PRODUCT = YES;
			};
			name = Release;
		};
		0971BB9F29B63D12007A03CC /* Debug */ = {
			isa = XCBuildConfiguration;
			buildSettings = {
				ASSETCATALOG_COMPILER_APPICON_NAME = AppIcon;
				ASSETCATALOG_COMPILER_GLOBAL_ACCENT_COLOR_NAME = AccentColor;
				CODE_SIGN_STYLE = Automatic;
				CURRENT_PROJECT_VERSION = 1;
				DEVELOPMENT_ASSET_PATHS = "\"FootballPlayers/Preview Content\"";
				DEVELOPMENT_TEAM = XZ3GM4S56F;
				ENABLE_PREVIEWS = YES;
				GENERATE_INFOPLIST_FILE = YES;
				INFOPLIST_KEY_UIApplicationSceneManifest_Generation = YES;
				INFOPLIST_KEY_UIApplicationSupportsIndirectInputEvents = YES;
				INFOPLIST_KEY_UILaunchScreen_Generation = YES;
				INFOPLIST_KEY_UISupportedInterfaceOrientations_iPad = "UIInterfaceOrientationPortrait UIInterfaceOrientationPortraitUpsideDown UIInterfaceOrientationLandscapeLeft UIInterfaceOrientationLandscapeRight";
				INFOPLIST_KEY_UISupportedInterfaceOrientations_iPhone = "UIInterfaceOrientationPortrait UIInterfaceOrientationLandscapeLeft UIInterfaceOrientationLandscapeRight";
				LD_RUNPATH_SEARCH_PATHS = (
					"$(inherited)",
					"@executable_path/Frameworks",
				);
				MARKETING_VERSION = 1.0;
				PRODUCT_BUNDLE_IDENTIFIER = shotikoKlibadze.FootballPlayers;
				PRODUCT_NAME = "$(TARGET_NAME)";
				SWIFT_EMIT_LOC_STRINGS = YES;
				SWIFT_VERSION = 5.0;
				TARGETED_DEVICE_FAMILY = "1,2";
			};
			name = Debug;
		};
		0971BBA029B63D12007A03CC /* Release */ = {
			isa = XCBuildConfiguration;
			buildSettings = {
				ASSETCATALOG_COMPILER_APPICON_NAME = AppIcon;
				ASSETCATALOG_COMPILER_GLOBAL_ACCENT_COLOR_NAME = AccentColor;
				CODE_SIGN_STYLE = Automatic;
				CURRENT_PROJECT_VERSION = 1;
				DEVELOPMENT_ASSET_PATHS = "\"FootballPlayers/Preview Content\"";
				DEVELOPMENT_TEAM = XZ3GM4S56F;
				ENABLE_PREVIEWS = YES;
				GENERATE_INFOPLIST_FILE = YES;
				INFOPLIST_KEY_UIApplicationSceneManifest_Generation = YES;
				INFOPLIST_KEY_UIApplicationSupportsIndirectInputEvents = YES;
				INFOPLIST_KEY_UILaunchScreen_Generation = YES;
				INFOPLIST_KEY_UISupportedInterfaceOrientations_iPad = "UIInterfaceOrientationPortrait UIInterfaceOrientationPortraitUpsideDown UIInterfaceOrientationLandscapeLeft UIInterfaceOrientationLandscapeRight";
				INFOPLIST_KEY_UISupportedInterfaceOrientations_iPhone = "UIInterfaceOrientationPortrait UIInterfaceOrientationLandscapeLeft UIInterfaceOrientationLandscapeRight";
				LD_RUNPATH_SEARCH_PATHS = (
					"$(inherited)",
					"@executable_path/Frameworks",
				);
				MARKETING_VERSION = 1.0;
				PRODUCT_BUNDLE_IDENTIFIER = shotikoKlibadze.FootballPlayers;
				PRODUCT_NAME = "$(TARGET_NAME)";
				SWIFT_EMIT_LOC_STRINGS = YES;
				SWIFT_VERSION = 5.0;
				TARGETED_DEVICE_FAMILY = "1,2";
			};
			name = Release;
		};
		0971BBB029B63DB0007A03CC /* Debug */ = {
			isa = XCBuildConfiguration;
			buildSettings = {
				BUNDLE_LOADER = "$(TEST_HOST)";
				CODE_SIGN_STYLE = Automatic;
				CURRENT_PROJECT_VERSION = 1;
				DEVELOPMENT_TEAM = XZ3GM4S56F;
				GENERATE_INFOPLIST_FILE = YES;
				MARKETING_VERSION = 1.0;
				PRODUCT_BUNDLE_IDENTIFIER = shotikoKlibadze.FootballPlayersTests;
				PRODUCT_NAME = "$(TARGET_NAME)";
				SWIFT_EMIT_LOC_STRINGS = NO;
				SWIFT_VERSION = 5.0;
				TARGETED_DEVICE_FAMILY = "1,2";
				TEST_HOST = "$(BUILT_PRODUCTS_DIR)/FootballPlayers.app/$(BUNDLE_EXECUTABLE_FOLDER_PATH)/FootballPlayers";
			};
			name = Debug;
		};
		0971BBB129B63DB0007A03CC /* Release */ = {
			isa = XCBuildConfiguration;
			buildSettings = {
				BUNDLE_LOADER = "$(TEST_HOST)";
				CODE_SIGN_STYLE = Automatic;
				CURRENT_PROJECT_VERSION = 1;
				DEVELOPMENT_TEAM = XZ3GM4S56F;
				GENERATE_INFOPLIST_FILE = YES;
				MARKETING_VERSION = 1.0;
				PRODUCT_BUNDLE_IDENTIFIER = shotikoKlibadze.FootballPlayersTests;
				PRODUCT_NAME = "$(TARGET_NAME)";
				SWIFT_EMIT_LOC_STRINGS = NO;
				SWIFT_VERSION = 5.0;
				TARGETED_DEVICE_FAMILY = "1,2";
				TEST_HOST = "$(BUILT_PRODUCTS_DIR)/FootballPlayers.app/$(BUNDLE_EXECUTABLE_FOLDER_PATH)/FootballPlayers";
			};
			name = Release;
		};
/* End XCBuildConfiguration section */

/* Begin XCConfigurationList section */
		0971BB8B29B63D11007A03CC /* Build configuration list for PBXProject "FootballPlayers" */ = {
			isa = XCConfigurationList;
			buildConfigurations = (
				0971BB9C29B63D12007A03CC /* Debug */,
				0971BB9D29B63D12007A03CC /* Release */,
			);
			defaultConfigurationIsVisible = 0;
			defaultConfigurationName = Release;
		};
		0971BB9E29B63D12007A03CC /* Build configuration list for PBXNativeTarget "FootballPlayers" */ = {
			isa = XCConfigurationList;
			buildConfigurations = (
				0971BB9F29B63D12007A03CC /* Debug */,
				0971BBA029B63D12007A03CC /* Release */,
			);
			defaultConfigurationIsVisible = 0;
			defaultConfigurationName = Release;
		};
		0971BBAF29B63DB0007A03CC /* Build configuration list for PBXNativeTarget "FootballPlayersTests" */ = {
			isa = XCConfigurationList;
			buildConfigurations = (
				0971BBB029B63DB0007A03CC /* Debug */,
				0971BBB129B63DB0007A03CC /* Release */,
			);
			defaultConfigurationIsVisible = 0;
			defaultConfigurationName = Release;
		};
/* End XCConfigurationList section */
	};
	rootObject = 0971BB8829B63D11007A03CC /* Project object */;
}
